// !$*UTF8*$!
{
	archiveVersion = 1;
	classes = {
	};
	objectVersion = 48;
	objects = {

/* Begin PBXBuildFile section */
		BC9FF1DB1FDDF8FE000A2E56 /* AppDelegate.swift in Sources */ = {isa = PBXBuildFile; fileRef = BC9FF1DA1FDDF8FE000A2E56 /* AppDelegate.swift */; };
		BC9FF1E01FDDF8FE000A2E56 /* Main.storyboard in Resources */ = {isa = PBXBuildFile; fileRef = BC9FF1DE1FDDF8FE000A2E56 /* Main.storyboard */; };
		BC9FF1E21FDDF8FE000A2E56 /* Assets.xcassets in Resources */ = {isa = PBXBuildFile; fileRef = BC9FF1E11FDDF8FE000A2E56 /* Assets.xcassets */; };
		BC9FF1E51FDDF8FE000A2E56 /* LaunchScreen.storyboard in Resources */ = {isa = PBXBuildFile; fileRef = BC9FF1E31FDDF8FE000A2E56 /* LaunchScreen.storyboard */; };
		BC9FF1F11FDDFA39000A2E56 /* ViewController.swift in Sources */ = {isa = PBXBuildFile; fileRef = BC9FF1F01FDDFA39000A2E56 /* ViewController.swift */; };
		BCECA3C620F3420600547535 /* sampleScheme.html in Resources */ = {isa = PBXBuildFile; fileRef = BCECA3C420F3420600547535 /* sampleScheme.html */; };
		BCECA3C720F3420600547535 /* sampleBridge.html in Resources */ = {isa = PBXBuildFile; fileRef = BCECA3C520F3420600547535 /* sampleBridge.html */; };
		BCECA3CA20F3435000547535 /* WebViewSchemesViewController.swift in Sources */ = {isa = PBXBuildFile; fileRef = BCECA3C920F3435000547535 /* WebViewSchemesViewController.swift */; };
		BCECA3CD20F3438F00547535 /* WebViewBridgeViewController.swift in Sources */ = {isa = PBXBuildFile; fileRef = BCECA3CC20F3438F00547535 /* WebViewBridgeViewController.swift */; };
/* End PBXBuildFile section */

/* Begin PBXFileReference section */
		BC9FF1D71FDDF8FE000A2E56 /* JWSWebViewSample.app */ = {isa = PBXFileReference; explicitFileType = wrapper.application; includeInIndex = 0; path = JWSWebViewSample.app; sourceTree = BUILT_PRODUCTS_DIR; };
		BC9FF1DA1FDDF8FE000A2E56 /* AppDelegate.swift */ = {isa = PBXFileReference; lastKnownFileType = sourcecode.swift; path = AppDelegate.swift; sourceTree = "<group>"; };
		BC9FF1DF1FDDF8FE000A2E56 /* Base */ = {isa = PBXFileReference; lastKnownFileType = file.storyboard; name = Base; path = Base.lproj/Main.storyboard; sourceTree = "<group>"; };
		BC9FF1E11FDDF8FE000A2E56 /* Assets.xcassets */ = {isa = PBXFileReference; lastKnownFileType = folder.assetcatalog; path = Assets.xcassets; sourceTree = "<group>"; };
		BC9FF1E41FDDF8FE000A2E56 /* Base */ = {isa = PBXFileReference; lastKnownFileType = file.storyboard; name = Base; path = Base.lproj/LaunchScreen.storyboard; sourceTree = "<group>"; };
		BC9FF1E61FDDF8FE000A2E56 /* Info.plist */ = {isa = PBXFileReference; lastKnownFileType = text.plist.xml; path = Info.plist; sourceTree = "<group>"; };
		BC9FF1F01FDDFA39000A2E56 /* ViewController.swift */ = {isa = PBXFileReference; fileEncoding = 4; lastKnownFileType = sourcecode.swift; path = ViewController.swift; sourceTree = "<group>"; };
		BCECA3C420F3420600547535 /* sampleScheme.html */ = {isa = PBXFileReference; fileEncoding = 4; lastKnownFileType = text.html; path = sampleScheme.html; sourceTree = "<group>"; };
		BCECA3C520F3420600547535 /* sampleBridge.html */ = {isa = PBXFileReference; fileEncoding = 4; lastKnownFileType = text.html; path = sampleBridge.html; sourceTree = "<group>"; };
		BCECA3C920F3435000547535 /* WebViewSchemesViewController.swift */ = {isa = PBXFileReference; lastKnownFileType = sourcecode.swift; path = WebViewSchemesViewController.swift; sourceTree = "<group>"; };
		BCECA3CC20F3438F00547535 /* WebViewBridgeViewController.swift */ = {isa = PBXFileReference; lastKnownFileType = sourcecode.swift; path = WebViewBridgeViewController.swift; sourceTree = "<group>"; };
/* End PBXFileReference section */

/* Begin PBXFrameworksBuildPhase section */
		BC9FF1D41FDDF8FE000A2E56 /* Frameworks */ = {
			isa = PBXFrameworksBuildPhase;
			buildActionMask = 2147483647;
			files = (
			);
			runOnlyForDeploymentPostprocessing = 0;
		};
/* End PBXFrameworksBuildPhase section */

/* Begin PBXGroup section */
		BC8627291FE758A900A7CF92 /* Resources */ = {
			isa = PBXGroup;
			children = (
				BCECA3C520F3420600547535 /* sampleBridge.html */,
				BCECA3C420F3420600547535 /* sampleScheme.html */,
			);
			name = Resources;
			path = JWSWebViewSample/Resources;
			sourceTree = SOURCE_ROOT;
		};
		BC9FF1CE1FDDF8FE000A2E56 = {
			isa = PBXGroup;
			children = (
				BC9FF1D91FDDF8FE000A2E56 /* JWSWebViewSample */,
				BC9FF1D81FDDF8FE000A2E56 /* Products */,
			);
			sourceTree = "<group>";
		};
		BC9FF1D81FDDF8FE000A2E56 /* Products */ = {
			isa = PBXGroup;
			children = (
				BC9FF1D71FDDF8FE000A2E56 /* JWSWebViewSample.app */,
			);
			name = Products;
			sourceTree = "<group>";
		};
		BC9FF1D91FDDF8FE000A2E56 /* JWSWebViewSample */ = {
			isa = PBXGroup;
			children = (
				BC9FF1EC1FDDF913000A2E56 /* Sample */,
				BC8627291FE758A900A7CF92 /* Resources */,
				BC9FF1DA1FDDF8FE000A2E56 /* AppDelegate.swift */,
				BC9FF1F01FDDFA39000A2E56 /* ViewController.swift */,
				BC9FF1DE1FDDF8FE000A2E56 /* Main.storyboard */,
				BC9FF1E11FDDF8FE000A2E56 /* Assets.xcassets */,
				BC9FF1E31FDDF8FE000A2E56 /* LaunchScreen.storyboard */,
				BC9FF1E61FDDF8FE000A2E56 /* Info.plist */,
			);
			path = JWSWebViewSample;
			sourceTree = "<group>";
		};
		BC9FF1EC1FDDF913000A2E56 /* Sample */ = {
			isa = PBXGroup;
			children = (
				BCECA3CB20F3435E00547535 /* Bridge */,
				BCECA3C820F3433100547535 /* Scheme */,
			);
			path = Sample;
			sourceTree = "<group>";
		};
		BCECA3C820F3433100547535 /* Scheme */ = {
			isa = PBXGroup;
			children = (
				BCECA3C920F3435000547535 /* WebViewSchemesViewController.swift */,
			);
			path = Scheme;
			sourceTree = "<group>";
		};
		BCECA3CB20F3435E00547535 /* Bridge */ = {
			isa = PBXGroup;
			children = (
				BCECA3CC20F3438F00547535 /* WebViewBridgeViewController.swift */,
			);
			path = Bridge;
			sourceTree = "<group>";
		};
/* End PBXGroup section */

/* Begin PBXNativeTarget section */
		BC9FF1D61FDDF8FE000A2E56 /* JWSWebViewSample */ = {
			isa = PBXNativeTarget;
			buildConfigurationList = BC9FF1E91FDDF8FE000A2E56 /* Build configuration list for PBXNativeTarget "JWSWebViewSample" */;
			buildPhases = (
				BC9FF1D31FDDF8FE000A2E56 /* Sources */,
				BC9FF1D41FDDF8FE000A2E56 /* Frameworks */,
				BC9FF1D51FDDF8FE000A2E56 /* Resources */,
			);
			buildRules = (
			);
			dependencies = (
			);
			name = JWSWebViewSample;
			productName = JWSWebViewSample;
			productReference = BC9FF1D71FDDF8FE000A2E56 /* JWSWebViewSample.app */;
			productType = "com.apple.product-type.application";
		};
/* End PBXNativeTarget section */

/* Begin PBXProject section */
		BC9FF1CF1FDDF8FE000A2E56 /* Project object */ = {
			isa = PBXProject;
			attributes = {
				LastSwiftUpdateCheck = 0920;
				LastUpgradeCheck = 0920;
				ORGANIZATIONNAME = ClintJang;
				TargetAttributes = {
					BC9FF1D61FDDF8FE000A2E56 = {
						CreatedOnToolsVersion = 9.2;
						LastSwiftMigration = 0920;
						ProvisioningStyle = Automatic;
					};
				};
			};
			buildConfigurationList = BC9FF1D21FDDF8FE000A2E56 /* Build configuration list for PBXProject "JWSWebViewSample" */;
			compatibilityVersion = "Xcode 8.0";
			developmentRegion = en;
			hasScannedForEncodings = 0;
			knownRegions = (
				en,
				Base,
			);
			mainGroup = BC9FF1CE1FDDF8FE000A2E56;
			productRefGroup = BC9FF1D81FDDF8FE000A2E56 /* Products */;
			projectDirPath = "";
			projectRoot = "";
			targets = (
				BC9FF1D61FDDF8FE000A2E56 /* JWSWebViewSample */,
			);
		};
/* End PBXProject section */

/* Begin PBXResourcesBuildPhase section */
		BC9FF1D51FDDF8FE000A2E56 /* Resources */ = {
			isa = PBXResourcesBuildPhase;
			buildActionMask = 2147483647;
			files = (
				BCECA3C720F3420600547535 /* sampleBridge.html in Resources */,
				BC9FF1E51FDDF8FE000A2E56 /* LaunchScreen.storyboard in Resources */,
				BC9FF1E21FDDF8FE000A2E56 /* Assets.xcassets in Resources */,
				BC9FF1E01FDDF8FE000A2E56 /* Main.storyboard in Resources */,
				BCECA3C620F3420600547535 /* sampleScheme.html in Resources */,
			);
			runOnlyForDeploymentPostprocessing = 0;
		};
/* End PBXResourcesBuildPhase section */

/* Begin PBXSourcesBuildPhase section */
		BC9FF1D31FDDF8FE000A2E56 /* Sources */ = {
			isa = PBXSourcesBuildPhase;
			buildActionMask = 2147483647;
			files = (
				BC9FF1F11FDDFA39000A2E56 /* ViewController.swift in Sources */,
				BCECA3CA20F3435000547535 /* WebViewSchemesViewController.swift in Sources */,
				BC9FF1DB1FDDF8FE000A2E56 /* AppDelegate.swift in Sources */,
				BCECA3CD20F3438F00547535 /* WebViewBridgeViewController.swift in Sources */,
			);
			runOnlyForDeploymentPostprocessing = 0;
		};
/* End PBXSourcesBuildPhase section */

/* Begin PBXVariantGroup section */
		BC9FF1DE1FDDF8FE000A2E56 /* Main.storyboard */ = {
			isa = PBXVariantGroup;
			children = (
				BC9FF1DF1FDDF8FE000A2E56 /* Base */,
			);
			name = Main.storyboard;
			sourceTree = "<group>";
		};
		BC9FF1E31FDDF8FE000A2E56 /* LaunchScreen.storyboard */ = {
			isa = PBXVariantGroup;
			children = (
				BC9FF1E41FDDF8FE000A2E56 /* Base */,
			);
			name = LaunchScreen.storyboard;
			sourceTree = "<group>";
		};
/* End PBXVariantGroup section */

/* Begin XCBuildConfiguration section */
		BC9FF1E71FDDF8FE000A2E56 /* Debug */ = {
			isa = XCBuildConfiguration;
			buildSettings = {
				ALWAYS_SEARCH_USER_PATHS = NO;
				CLANG_ANALYZER_NONNULL = YES;
				CLANG_ANALYZER_NUMBER_OBJECT_CONVERSION = YES_AGGRESSIVE;
				CLANG_CXX_LANGUAGE_STANDARD = "gnu++14";
				CLANG_CXX_LIBRARY = "libc++";
				CLANG_ENABLE_MODULES = YES;
				CLANG_ENABLE_OBJC_ARC = YES;
				CLANG_WARN_BLOCK_CAPTURE_AUTORELEASING = YES;
				CLANG_WARN_BOOL_CONVERSION = YES;
				CLANG_WARN_COMMA = YES;
				CLANG_WARN_CONSTANT_CONVERSION = YES;
				CLANG_WARN_DIRECT_OBJC_ISA_USAGE = YES_ERROR;
				CLANG_WARN_DOCUMENTATION_COMMENTS = YES;
				CLANG_WARN_EMPTY_BODY = YES;
				CLANG_WARN_ENUM_CONVERSION = YES;
				CLANG_WARN_INFINITE_RECURSION = YES;
				CLANG_WARN_INT_CONVERSION = YES;
				CLANG_WARN_NON_LITERAL_NULL_CONVERSION = YES;
				CLANG_WARN_OBJC_LITERAL_CONVERSION = YES;
				CLANG_WARN_OBJC_ROOT_CLASS = YES_ERROR;
				CLANG_WARN_RANGE_LOOP_ANALYSIS = YES;
				CLANG_WARN_STRICT_PROTOTYPES = YES;
				CLANG_WARN_SUSPICIOUS_MOVE = YES;
				CLANG_WARN_UNGUARDED_AVAILABILITY = YES_AGGRESSIVE;
				CLANG_WARN_UNREACHABLE_CODE = YES;
				CLANG_WARN__DUPLICATE_METHOD_MATCH = YES;
				CODE_SIGN_IDENTITY = "iPhone Developer";
				COPY_PHASE_STRIP = NO;
				DEBUG_INFORMATION_FORMAT = dwarf;
				ENABLE_STRICT_OBJC_MSGSEND = YES;
				ENABLE_TESTABILITY = YES;
				GCC_C_LANGUAGE_STANDARD = gnu11;
				GCC_DYNAMIC_NO_PIC = NO;
				GCC_NO_COMMON_BLOCKS = YES;
				GCC_OPTIMIZATION_LEVEL = 0;
				GCC_PREPROCESSOR_DEFINITIONS = (
					"DEBUG=1",
					"$(inherited)",
				);
				GCC_WARN_64_TO_32_BIT_CONVERSION = YES;
				GCC_WARN_ABOUT_RETURN_TYPE = YES_ERROR;
				GCC_WARN_UNDECLARED_SELECTOR = YES;
				GCC_WARN_UNINITIALIZED_AUTOS = YES_AGGRESSIVE;
				GCC_WARN_UNUSED_FUNCTION = YES;
				GCC_WARN_UNUSED_VARIABLE = YES;
				IPHONEOS_DEPLOYMENT_TARGET = 11.2;
				MTL_ENABLE_DEBUG_INFO = YES;
				ONLY_ACTIVE_ARCH = YES;
				SDKROOT = iphoneos;
				SWIFT_ACTIVE_COMPILATION_CONDITIONS = DEBUG;
				SWIFT_OPTIMIZATION_LEVEL = "-Onone";
			};
			name = Debug;
		};
		BC9FF1E81FDDF8FE000A2E56 /* Release */ = {
			isa = XCBuildConfiguration;
			buildSettings = {
				ALWAYS_SEARCH_USER_PATHS = NO;
				CLANG_ANALYZER_NONNULL = YES;
				CLANG_ANALYZER_NUMBER_OBJECT_CONVERSION = YES_AGGRESSIVE;
				CLANG_CXX_LANGUAGE_STANDARD = "gnu++14";
				CLANG_CXX_LIBRARY = "libc++";
				CLANG_ENABLE_MODULES = YES;
				CLANG_ENABLE_OBJC_ARC = YES;
				CLANG_WARN_BLOCK_CAPTURE_AUTORELEASING = YES;
				CLANG_WARN_BOOL_CONVERSION = YES;
				CLANG_WARN_COMMA = YES;
				CLANG_WARN_CONSTANT_CONVERSION = YES;
				CLANG_WARN_DIRECT_OBJC_ISA_USAGE = YES_ERROR;
				CLANG_WARN_DOCUMENTATION_COMMENTS = YES;
				CLANG_WARN_EMPTY_BODY = YES;
				CLANG_WARN_ENUM_CONVERSION = YES;
				CLANG_WARN_INFINITE_RECURSION = YES;
				CLANG_WARN_INT_CONVERSION = YES;
				CLANG_WARN_NON_LITERAL_NULL_CONVERSION = YES;
				CLANG_WARN_OBJC_LITERAL_CONVERSION = YES;
				CLANG_WARN_OBJC_ROOT_CLASS = YES_ERROR;
				CLANG_WARN_RANGE_LOOP_ANALYSIS = YES;
				CLANG_WARN_STRICT_PROTOTYPES = YES;
				CLANG_WARN_SUSPICIOUS_MOVE = YES;
				CLANG_WARN_UNGUARDED_AVAILABILITY = YES_AGGRESSIVE;
				CLANG_WARN_UNREACHABLE_CODE = YES;
				CLANG_WARN__DUPLICATE_METHOD_MATCH = YES;
				CODE_SIGN_IDENTITY = "iPhone Developer";
				COPY_PHASE_STRIP = NO;
				DEBUG_INFORMATION_FORMAT = "dwarf-with-dsym";
				ENABLE_NS_ASSERTIONS = NO;
				ENABLE_STRICT_OBJC_MSGSEND = YES;
				GCC_C_LANGUAGE_STANDARD = gnu11;
				GCC_NO_COMMON_BLOCKS = YES;
				GCC_WARN_64_TO_32_BIT_CONVERSION = YES;
				GCC_WARN_ABOUT_RETURN_TYPE = YES_ERROR;
				GCC_WARN_UNDECLARED_SELECTOR = YES;
				GCC_WARN_UNINITIALIZED_AUTOS = YES_AGGRESSIVE;
				GCC_WARN_UNUSED_FUNCTION = YES;
				GCC_WARN_UNUSED_VARIABLE = YES;
				IPHONEOS_DEPLOYMENT_TARGET = 11.2;
				MTL_ENABLE_DEBUG_INFO = NO;
				SDKROOT = iphoneos;
				SWIFT_OPTIMIZATION_LEVEL = "-Owholemodule";
				VALIDATE_PRODUCT = YES;
			};
			name = Release;
		};
		BC9FF1EA1FDDF8FE000A2E56 /* Debug */ = {
			isa = XCBuildConfiguration;
			buildSettings = {
				ASSETCATALOG_COMPILER_APPICON_NAME = AppIcon;
				CLANG_ENABLE_MODULES = YES;
				CODE_SIGN_STYLE = Automatic;
				DEFINES_MODULE = YES;
				DEVELOPMENT_TEAM = Y72B7R5K2B;
				INFOPLIST_FILE = JWSWebViewSample/Info.plist;
				IPHONEOS_DEPLOYMENT_TARGET = 9.0;
				LD_RUNPATH_SEARCH_PATHS = "$(inherited) @executable_path/Frameworks";
				PRODUCT_BUNDLE_IDENTIFIER = kr.co.clintjang.sample.bridge;
				PRODUCT_NAME = "$(TARGET_NAME)";
				SWIFT_OBJC_BRIDGING_HEADER = "";
				SWIFT_OPTIMIZATION_LEVEL = "-Onone";
				SWIFT_VERSION = 4.0;
				TARGETED_DEVICE_FAMILY = "1,2";
			};
			name = Debug;
		};
		BC9FF1EB1FDDF8FE000A2E56 /* Release */ = {
			isa = XCBuildConfiguration;
			buildSettings = {
				ASSETCATALOG_COMPILER_APPICON_NAME = AppIcon;
				CLANG_ENABLE_MODULES = YES;
				CODE_SIGN_STYLE = Automatic;
				DEFINES_MODULE = YES;
				DEVELOPMENT_TEAM = Y72B7R5K2B;
				INFOPLIST_FILE = JWSWebViewSample/Info.plist;
				IPHONEOS_DEPLOYMENT_TARGET = 9.0;
				LD_RUNPATH_SEARCH_PATHS = "$(inherited) @executable_path/Frameworks";
				PRODUCT_BUNDLE_IDENTIFIER = kr.co.clintjang.sample.bridge;
				PRODUCT_NAME = "$(TARGET_NAME)";
				SWIFT_OBJC_BRIDGING_HEADER = "";
				SWIFT_VERSION = 4.0;
				TARGETED_DEVICE_FAMILY = "1,2";
			};
			name = Release;
		};
/* End XCBuildConfiguration section */

/* Begin XCConfigurationList section */
		BC9FF1D21FDDF8FE000A2E56 /* Build configuration list for PBXProject "JWSWebViewSample" */ = {
			isa = XCConfigurationList;
			buildConfigurations = (
				BC9FF1E71FDDF8FE000A2E56 /* Debug */,
				BC9FF1E81FDDF8FE000A2E56 /* Release */,
			);
			defaultConfigurationIsVisible = 0;
			defaultConfigurationName = Release;
		};
		BC9FF1E91FDDF8FE000A2E56 /* Build configuration list for PBXNativeTarget "JWSWebViewSample" */ = {
			isa = XCConfigurationList;
			buildConfigurations = (
				BC9FF1EA1FDDF8FE000A2E56 /* Debug */,
				BC9FF1EB1FDDF8FE000A2E56 /* Release */,
			);
			defaultConfigurationIsVisible = 0;
			defaultConfigurationName = Release;
		};
/* End XCConfigurationList section */
	};
	rootObject = BC9FF1CF1FDDF8FE000A2E56 /* Project object */;
}
